// !$*UTF8*$!
{
	archiveVersion = 1;
	classes = {
	};
	objectVersion = 70;
	objects = {

/* Begin PBXBuildFile section */
		2D0DD8C22EE00CFD00EB1D66 /* ObservedNetworkClient.swift in Sources */ = {isa = PBXBuildFile; fileRef = 2D0DD8C12EE00CE100EB1D66 /* ObservedNetworkClient.swift */; };
		2D0DD8C42EE01BBA00EB1D66 /* DataLoader.swift in Sources */ = {isa = PBXBuildFile; fileRef = 2D0DD8C32EE01BBA00EB1D66 /* DataLoader.swift */; };
		2D0DD8C62EE01C7100EB1D66 /* OrderRequests.swift in Sources */ = {isa = PBXBuildFile; fileRef = 2D0DD8C52EE01C7100EB1D66 /* OrderRequests.swift */; };
		2D6BE1C92EFC3A2600FAB3B8 /* CurrencySetResponse.swift in Sources */ = {isa = PBXBuildFile; fileRef = 2D6BE1C82EFC3A2600FAB3B8 /* CurrencySetResponse.swift */; };
		2D8D75E42EF7FFC500F2B0CB /* NFTModelContainer.swift in Sources */ = {isa = PBXBuildFile; fileRef = 2D8D75E32EF7FFC500F2B0CB /* NFTModelContainer.swift */; };
		2DC8CB192EE2F3DE005A7229 /* NFTModel.swift in Sources */ = {isa = PBXBuildFile; fileRef = 2DC8CB182EE2F3DE005A7229 /* NFTModel.swift */; };
		2DC8CB2C2EE31BBA005A7229 /* NFTCollectionItemResponse.swift in Sources */ = {isa = PBXBuildFile; fileRef = 2DC8CB2B2EE31BBA005A7229 /* NFTCollectionItemResponse.swift */; };
		2DC8CB302EE31C1B005A7229 /* UserListItemResponse.swift in Sources */ = {isa = PBXBuildFile; fileRef = 2DC8CB2F2EE31C1B005A7229 /* UserListItemResponse.swift */; };
		2DC8CB322EE31C39005A7229 /* ProfileResponse.swift in Sources */ = {isa = PBXBuildFile; fileRef = 2DC8CB312EE31C34005A7229 /* ProfileResponse.swift */; };
		2DC8CB342EE31CB0005A7229 /* OrderRepsonse.swift in Sources */ = {isa = PBXBuildFile; fileRef = 2DC8CB332EE31CAA005A7229 /* OrderRepsonse.swift */; };
		2DC8CB382EE31DCA005A7229 /* CurrencyResponse.swift in Sources */ = {isa = PBXBuildFile; fileRef = 2DC8CB372EE31DCA005A7229 /* CurrencyResponse.swift */; };
		2DC8CB3C2EE31DE0005A7229 /* PaymentResponse.swift in Sources */ = {isa = PBXBuildFile; fileRef = 2DC8CB3B2EE31DDB005A7229 /* PaymentResponse.swift */; };
		2DC8CB3E2EE48713005A7229 /* UsersRequests.swift in Sources */ = {isa = PBXBuildFile; fileRef = 2DC8CB3D2EE48713005A7229 /* UsersRequests.swift */; };
		2DC8CB402EE4872F005A7229 /* ProfileRequests.swift in Sources */ = {isa = PBXBuildFile; fileRef = 2DC8CB3F2EE4872F005A7229 /* ProfileRequests.swift */; };
		2DC8CB422EE4875A005A7229 /* CollectionRequests.swift in Sources */ = {isa = PBXBuildFile; fileRef = 2DC8CB412EE4875A005A7229 /* CollectionRequests.swift */; };
		2DC8CB442EE48771005A7229 /* NFTsRequests.swift in Sources */ = {isa = PBXBuildFile; fileRef = 2DC8CB432EE48771005A7229 /* NFTsRequests.swift */; };
		2DC8CB462EE4878A005A7229 /* CurrenciesRequests.swift in Sources */ = {isa = PBXBuildFile; fileRef = 2DC8CB452EE4878A005A7229 /* CurrenciesRequests.swift */; };
		2DC8CB482EE48C7D005A7229 /* ObservedNetworkClientTests.swift in Sources */ = {isa = PBXBuildFile; fileRef = 2DC8CB472EE48C6A005A7229 /* ObservedNetworkClientTests.swift */; };
		ABC5E1732C31F5AF002B4068 /* Preview Assets.xcassets in Resources */ = {isa = PBXBuildFile; fileRef = ABC5E1722C31F5AF002B4068 /* Preview Assets.xcassets */; };
		ABC5E17D2C31F5B0002B4068 /* iOS_FakeNFT_ExtendedTests.swift in Sources */ = {isa = PBXBuildFile; fileRef = ABC5E17C2C31F5B0002B4068 /* iOS_FakeNFT_ExtendedTests.swift */; };
		ABC5E1872C31F5B0002B4068 /* iOS_FakeNFT_ExtendedUITests.swift in Sources */ = {isa = PBXBuildFile; fileRef = ABC5E1862C31F5B0002B4068 /* iOS_FakeNFT_ExtendedUITests.swift */; };
		ABC5E19D2C31F6A6002B4068 /* NftStorage.swift in Sources */ = {isa = PBXBuildFile; fileRef = ABC5E19C2C31F6A6002B4068 /* NftStorage.swift */; };
		ABC5E1A12C31F6D7002B4068 /* NFTResponse.swift in Sources */ = {isa = PBXBuildFile; fileRef = ABC5E1A02C31F6D7002B4068 /* NFTResponse.swift */; };
		ABC5E1A42C31F800002B4068 /* NetworkClient.swift in Sources */ = {isa = PBXBuildFile; fileRef = ABC5E1A32C31F800002B4068 /* NetworkClient.swift */; };
		ABC5E1A62C31F815002B4068 /* NetworkRequest.swift in Sources */ = {isa = PBXBuildFile; fileRef = ABC5E1A52C31F815002B4068 /* NetworkRequest.swift */; };
		ABC5E1AB2C31FACD002B4068 /* NFTService.swift in Sources */ = {isa = PBXBuildFile; fileRef = ABC5E1AA2C31FACD002B4068 /* NFTService.swift */; };
		ABC5E1B02C31FB90002B4068 /* RequestConstants.swift in Sources */ = {isa = PBXBuildFile; fileRef = ABC5E1AF2C31FB90002B4068 /* RequestConstants.swift */; };
		ABC5E1D82C3204A9002B4068 /* Kingfisher in Frameworks */ = {isa = PBXBuildFile; productRef = ABC5E1D72C3204A9002B4068 /* Kingfisher */; };
/* End PBXBuildFile section */

/* Begin PBXContainerItemProxy section */
		ABC5E1792C31F5B0002B4068 /* PBXContainerItemProxy */ = {
			isa = PBXContainerItemProxy;
			containerPortal = ABC5E1602C31F5AF002B4068 /* Project object */;
			proxyType = 1;
			remoteGlobalIDString = ABC5E1672C31F5AF002B4068;
			remoteInfo = "iOS-FakeNFT-Extended";
		};
		ABC5E1832C31F5B0002B4068 /* PBXContainerItemProxy */ = {
			isa = PBXContainerItemProxy;
			containerPortal = ABC5E1602C31F5AF002B4068 /* Project object */;
			proxyType = 1;
			remoteGlobalIDString = ABC5E1672C31F5AF002B4068;
			remoteInfo = "iOS-FakeNFT-Extended";
		};
/* End PBXContainerItemProxy section */

/* Begin PBXFileReference section */
		2D0DD88D2EDEF00400EB1D66 /* Info.plist */ = {isa = PBXFileReference; lastKnownFileType = text.plist; path = Info.plist; sourceTree = "<group>"; };
		2D0DD8C12EE00CE100EB1D66 /* ObservedNetworkClient.swift */ = {isa = PBXFileReference; lastKnownFileType = sourcecode.swift; path = ObservedNetworkClient.swift; sourceTree = "<group>"; };
		2D0DD8C32EE01BBA00EB1D66 /* DataLoader.swift */ = {isa = PBXFileReference; lastKnownFileType = sourcecode.swift; path = DataLoader.swift; sourceTree = "<group>"; };
		2D0DD8C52EE01C7100EB1D66 /* OrderRequests.swift */ = {isa = PBXFileReference; lastKnownFileType = sourcecode.swift; path = OrderRequests.swift; sourceTree = "<group>"; };
		2D6BE1C82EFC3A2600FAB3B8 /* CurrencySetResponse.swift */ = {isa = PBXFileReference; lastKnownFileType = sourcecode.swift; path = CurrencySetResponse.swift; sourceTree = "<group>"; };
		2D8D75E32EF7FFC500F2B0CB /* NFTModelContainer.swift */ = {isa = PBXFileReference; lastKnownFileType = sourcecode.swift; path = NFTModelContainer.swift; sourceTree = "<group>"; };
		2DC8CB182EE2F3DE005A7229 /* NFTModel.swift */ = {isa = PBXFileReference; lastKnownFileType = sourcecode.swift; path = NFTModel.swift; sourceTree = "<group>"; };
		2DC8CB2B2EE31BBA005A7229 /* NFTCollectionItemResponse.swift */ = {isa = PBXFileReference; lastKnownFileType = sourcecode.swift; path = NFTCollectionItemResponse.swift; sourceTree = "<group>"; };
		2DC8CB2F2EE31C1B005A7229 /* UserListItemResponse.swift */ = {isa = PBXFileReference; lastKnownFileType = sourcecode.swift; path = UserListItemResponse.swift; sourceTree = "<group>"; };
		2DC8CB312EE31C34005A7229 /* ProfileResponse.swift */ = {isa = PBXFileReference; lastKnownFileType = sourcecode.swift; path = ProfileResponse.swift; sourceTree = "<group>"; };
		2DC8CB332EE31CAA005A7229 /* OrderRepsonse.swift */ = {isa = PBXFileReference; lastKnownFileType = sourcecode.swift; path = OrderRepsonse.swift; sourceTree = "<group>"; };
		2DC8CB372EE31DCA005A7229 /* CurrencyResponse.swift */ = {isa = PBXFileReference; lastKnownFileType = sourcecode.swift; path = CurrencyResponse.swift; sourceTree = "<group>"; };
		2DC8CB3B2EE31DDB005A7229 /* PaymentResponse.swift */ = {isa = PBXFileReference; lastKnownFileType = sourcecode.swift; path = PaymentResponse.swift; sourceTree = "<group>"; };
		2DC8CB3D2EE48713005A7229 /* UsersRequests.swift */ = {isa = PBXFileReference; lastKnownFileType = sourcecode.swift; path = UsersRequests.swift; sourceTree = "<group>"; };
		2DC8CB3F2EE4872F005A7229 /* ProfileRequests.swift */ = {isa = PBXFileReference; lastKnownFileType = sourcecode.swift; path = ProfileRequests.swift; sourceTree = "<group>"; };
		2DC8CB412EE4875A005A7229 /* CollectionRequests.swift */ = {isa = PBXFileReference; lastKnownFileType = sourcecode.swift; path = CollectionRequests.swift; sourceTree = "<group>"; };
		2DC8CB432EE48771005A7229 /* NFTsRequests.swift */ = {isa = PBXFileReference; lastKnownFileType = sourcecode.swift; path = NFTsRequests.swift; sourceTree = "<group>"; };
		2DC8CB452EE4878A005A7229 /* CurrenciesRequests.swift */ = {isa = PBXFileReference; lastKnownFileType = sourcecode.swift; path = CurrenciesRequests.swift; sourceTree = "<group>"; };
		2DC8CB472EE48C6A005A7229 /* ObservedNetworkClientTests.swift */ = {isa = PBXFileReference; lastKnownFileType = sourcecode.swift; path = ObservedNetworkClientTests.swift; sourceTree = "<group>"; };
		ABC5E1682C31F5AF002B4068 /* iOS-FakeNFT-Extended.app */ = {isa = PBXFileReference; explicitFileType = wrapper.application; includeInIndex = 0; path = "iOS-FakeNFT-Extended.app"; sourceTree = BUILT_PRODUCTS_DIR; };
		ABC5E1722C31F5AF002B4068 /* Preview Assets.xcassets */ = {isa = PBXFileReference; lastKnownFileType = folder.assetcatalog; path = "Preview Assets.xcassets"; sourceTree = "<group>"; };
		ABC5E1782C31F5B0002B4068 /* iOS-FakeNFT-ExtendedTests.xctest */ = {isa = PBXFileReference; explicitFileType = wrapper.cfbundle; includeInIndex = 0; path = "iOS-FakeNFT-ExtendedTests.xctest"; sourceTree = BUILT_PRODUCTS_DIR; };
		ABC5E17C2C31F5B0002B4068 /* iOS_FakeNFT_ExtendedTests.swift */ = {isa = PBXFileReference; lastKnownFileType = sourcecode.swift; path = iOS_FakeNFT_ExtendedTests.swift; sourceTree = "<group>"; };
		ABC5E1822C31F5B0002B4068 /* iOS-FakeNFT-ExtendedUITests.xctest */ = {isa = PBXFileReference; explicitFileType = wrapper.cfbundle; includeInIndex = 0; path = "iOS-FakeNFT-ExtendedUITests.xctest"; sourceTree = BUILT_PRODUCTS_DIR; };
		ABC5E1862C31F5B0002B4068 /* iOS_FakeNFT_ExtendedUITests.swift */ = {isa = PBXFileReference; lastKnownFileType = sourcecode.swift; path = iOS_FakeNFT_ExtendedUITests.swift; sourceTree = "<group>"; };
		ABC5E19C2C31F6A6002B4068 /* NftStorage.swift */ = {isa = PBXFileReference; lastKnownFileType = sourcecode.swift; path = NftStorage.swift; sourceTree = "<group>"; };
		ABC5E1A02C31F6D7002B4068 /* NFTResponse.swift */ = {isa = PBXFileReference; lastKnownFileType = sourcecode.swift; path = NFTResponse.swift; sourceTree = "<group>"; };
		ABC5E1A32C31F800002B4068 /* NetworkClient.swift */ = {isa = PBXFileReference; lastKnownFileType = sourcecode.swift; path = NetworkClient.swift; sourceTree = "<group>"; };
		ABC5E1A52C31F815002B4068 /* NetworkRequest.swift */ = {isa = PBXFileReference; lastKnownFileType = sourcecode.swift; path = NetworkRequest.swift; sourceTree = "<group>"; };
		ABC5E1AA2C31FACD002B4068 /* NFTService.swift */ = {isa = PBXFileReference; lastKnownFileType = sourcecode.swift; path = NFTService.swift; sourceTree = "<group>"; };
		ABC5E1AF2C31FB90002B4068 /* RequestConstants.swift */ = {isa = PBXFileReference; lastKnownFileType = sourcecode.swift; path = RequestConstants.swift; sourceTree = "<group>"; };
/* End PBXFileReference section */

/* Begin PBXFileSystemSynchronizedRootGroup section */
		2D0DD8732EDED91100EB1D66 /* App */ = {isa = PBXFileSystemSynchronizedRootGroup; explicitFileTypes = {}; explicitFolders = (); path = App; sourceTree = "<group>"; };
		2D0DD8742EDED91700EB1D66 /* Extensions */ = {isa = PBXFileSystemSynchronizedRootGroup; explicitFileTypes = {}; explicitFolders = (); path = Extensions; sourceTree = "<group>"; };
		2D0DD8752EDED91D00EB1D66 /* Resources */ = {isa = PBXFileSystemSynchronizedRootGroup; explicitFileTypes = {}; explicitFolders = (); path = Resources; sourceTree = "<group>"; };
		2D0DD87E2EDEDB2300EB1D66 /* Coordinator */ = {isa = PBXFileSystemSynchronizedRootGroup; explicitFileTypes = {}; explicitFolders = (); path = Coordinator; sourceTree = "<group>"; };
		2D0DD8882EDEDEA500EB1D66 /* TabView */ = {isa = PBXFileSystemSynchronizedRootGroup; explicitFileTypes = {}; explicitFolders = (); path = TabView; sourceTree = "<group>"; };
		2D0DD88C2EDEDEDD00EB1D66 /* UIComponents */ = {isa = PBXFileSystemSynchronizedRootGroup; explicitFileTypes = {}; explicitFolders = (); path = UIComponents; sourceTree = "<group>"; };
		2D0DD8B02EDF238D00EB1D66 /* AboutAuthor */ = {isa = PBXFileSystemSynchronizedRootGroup; explicitFileTypes = {}; explicitFolders = (); path = AboutAuthor; sourceTree = "<group>"; };
		2D0DD8D72EE04A6C00EB1D66 /* NFTDetail */ = {isa = PBXFileSystemSynchronizedRootGroup; explicitFileTypes = {}; explicitFolders = (); path = NFTDetail; sourceTree = "<group>"; };
		2D0DD9CE2EE19B2000EB1D66 /* Catalog */ = {isa = PBXFileSystemSynchronizedRootGroup; explicitFileTypes = {}; explicitFolders = (); path = Catalog; sourceTree = "<group>"; };
		2D0DD9D22EE19B3D00EB1D66 /* Profile */ = {isa = PBXFileSystemSynchronizedRootGroup; explicitFileTypes = {}; explicitFolders = (); path = Profile; sourceTree = "<group>"; };
		2D0DD9D62EE19B4800EB1D66 /* Statistics */ = {isa = PBXFileSystemSynchronizedRootGroup; explicitFileTypes = {}; explicitFolders = (); path = Statistics; sourceTree = "<group>"; };
		2D0DD9E02EE1A5FF00EB1D66 /* Splash */ = {isa = PBXFileSystemSynchronizedRootGroup; explicitFileTypes = {}; explicitFolders = (); path = Splash; sourceTree = "<group>"; };
		2D433B5A2EFF2C3300397AEC /* Onboarding */ = {isa = PBXFileSystemSynchronizedRootGroup; explicitFileTypes = {}; explicitFolders = (); path = Onboarding; sourceTree = "<group>"; };
		2D8D779E2EFB35A700F2B0CB /* Cart */ = {isa = PBXFileSystemSynchronizedRootGroup; explicitFileTypes = {}; explicitFolders = (); path = Cart; sourceTree = "<group>"; };
/* End PBXFileSystemSynchronizedRootGroup section */

/* Begin PBXFrameworksBuildPhase section */
		ABC5E1652C31F5AF002B4068 /* Frameworks */ = {
			isa = PBXFrameworksBuildPhase;
			buildActionMask = 2147483647;
			files = (
				ABC5E1D82C3204A9002B4068 /* Kingfisher in Frameworks */,
			);
			runOnlyForDeploymentPostprocessing = 0;
		};
		ABC5E1752C31F5B0002B4068 /* Frameworks */ = {
			isa = PBXFrameworksBuildPhase;
			buildActionMask = 2147483647;
			files = (
			);
			runOnlyForDeploymentPostprocessing = 0;
		};
		ABC5E17F2C31F5B0002B4068 /* Frameworks */ = {
			isa = PBXFrameworksBuildPhase;
			buildActionMask = 2147483647;
			files = (
			);
			runOnlyForDeploymentPostprocessing = 0;
		};
/* End PBXFrameworksBuildPhase section */

/* Begin PBXGroup section */
		ABC5E15F2C31F5AF002B4068 = {
			isa = PBXGroup;
			children = (
				ABC5E16A2C31F5AF002B4068 /* iOS-FakeNFT-Extended */,
				ABC5E17B2C31F5B0002B4068 /* iOS-FakeNFT-ExtendedTests */,
				ABC5E1852C31F5B0002B4068 /* iOS-FakeNFT-ExtendedUITests */,
				ABC5E1692C31F5AF002B4068 /* Products */,
			);
			sourceTree = "<group>";
		};
		ABC5E1692C31F5AF002B4068 /* Products */ = {
			isa = PBXGroup;
			children = (
				ABC5E1682C31F5AF002B4068 /* iOS-FakeNFT-Extended.app */,
				ABC5E1782C31F5B0002B4068 /* iOS-FakeNFT-ExtendedTests.xctest */,
				ABC5E1822C31F5B0002B4068 /* iOS-FakeNFT-ExtendedUITests.xctest */,
			);
			name = Products;
			sourceTree = "<group>";
		};
		ABC5E16A2C31F5AF002B4068 /* iOS-FakeNFT-Extended */ = {
			isa = PBXGroup;
			children = (
				2D0DD88D2EDEF00400EB1D66 /* Info.plist */,
				2D0DD8752EDED91D00EB1D66 /* Resources */,
				2D0DD8742EDED91700EB1D66 /* Extensions */,
				2D0DD8732EDED91100EB1D66 /* App */,
				ABC5E19A2C31F687002B4068 /* Foundation */,
				ABC5E19E2C31F6C1002B4068 /* Models */,
				ABC5E1A92C31FABA002B4068 /* Services */,
				ABC5E1B32C31FC03002B4068 /* Modules */,
				ABC5E1712C31F5AF002B4068 /* Preview Content */,
			);
			path = "iOS-FakeNFT-Extended";
			sourceTree = "<group>";
		};
		ABC5E1712C31F5AF002B4068 /* Preview Content */ = {
			isa = PBXGroup;
			children = (
				ABC5E1722C31F5AF002B4068 /* Preview Assets.xcassets */,
			);
			path = "Preview Content";
			sourceTree = "<group>";
		};
		ABC5E17B2C31F5B0002B4068 /* iOS-FakeNFT-ExtendedTests */ = {
			isa = PBXGroup;
			children = (
				2DC8CB472EE48C6A005A7229 /* ObservedNetworkClientTests.swift */,
				ABC5E17C2C31F5B0002B4068 /* iOS_FakeNFT_ExtendedTests.swift */,
			);
			path = "iOS-FakeNFT-ExtendedTests";
			sourceTree = "<group>";
		};
		ABC5E1852C31F5B0002B4068 /* iOS-FakeNFT-ExtendedUITests */ = {
			isa = PBXGroup;
			children = (
				ABC5E1862C31F5B0002B4068 /* iOS_FakeNFT_ExtendedUITests.swift */,
			);
			path = "iOS-FakeNFT-ExtendedUITests";
			sourceTree = "<group>";
		};
		ABC5E19A2C31F687002B4068 /* Foundation */ = {
			isa = PBXGroup;
			children = (
				ABC5E19B2C31F69C002B4068 /* MemoryStorage */,
				ABC5E1A22C31F7E8002B4068 /* NetworkClient */,
			);
			path = Foundation;
			sourceTree = "<group>";
		};
		ABC5E19B2C31F69C002B4068 /* MemoryStorage */ = {
			isa = PBXGroup;
			children = (
				ABC5E19C2C31F6A6002B4068 /* NftStorage.swift */,
			);
			path = MemoryStorage;
			sourceTree = "<group>";
		};
		ABC5E19E2C31F6C1002B4068 /* Models */ = {
			isa = PBXGroup;
			children = (
				2D8D75E32EF7FFC500F2B0CB /* NFTModelContainer.swift */,
				2DC8CB182EE2F3DE005A7229 /* NFTModel.swift */,
				ABC5E19F2C31F6CB002B4068 /* Network */,
			);
			path = Models;
			sourceTree = "<group>";
		};
		ABC5E19F2C31F6CB002B4068 /* Network */ = {
			isa = PBXGroup;
			children = (
				2D6BE1C82EFC3A2600FAB3B8 /* CurrencySetResponse.swift */,
				2DC8CB3B2EE31DDB005A7229 /* PaymentResponse.swift */,
				2DC8CB372EE31DCA005A7229 /* CurrencyResponse.swift */,
				2DC8CB332EE31CAA005A7229 /* OrderRepsonse.swift */,
				2DC8CB312EE31C34005A7229 /* ProfileResponse.swift */,
				2DC8CB2F2EE31C1B005A7229 /* UserListItemResponse.swift */,
				2DC8CB2B2EE31BBA005A7229 /* NFTCollectionItemResponse.swift */,
				ABC5E1A02C31F6D7002B4068 /* NFTResponse.swift */,
			);
			path = Network;
			sourceTree = "<group>";
		};
		ABC5E1A22C31F7E8002B4068 /* NetworkClient */ = {
			isa = PBXGroup;
			children = (
				2D0DD8C32EE01BBA00EB1D66 /* DataLoader.swift */,
				2D0DD8C12EE00CE100EB1D66 /* ObservedNetworkClient.swift */,
				ABC5E1A32C31F800002B4068 /* NetworkClient.swift */,
				ABC5E1A52C31F815002B4068 /* NetworkRequest.swift */,
				ABC5E1AC2C31FB6C002B4068 /* Requests */,
			);
			path = NetworkClient;
			sourceTree = "<group>";
		};
		ABC5E1A92C31FABA002B4068 /* Services */ = {
			isa = PBXGroup;
			children = (
				ABC5E1AA2C31FACD002B4068 /* NFTService.swift */,
			);
			path = Services;
			sourceTree = "<group>";
		};
		ABC5E1AC2C31FB6C002B4068 /* Requests */ = {
			isa = PBXGroup;
			children = (
				2DC8CB452EE4878A005A7229 /* CurrenciesRequests.swift */,
				2DC8CB432EE48771005A7229 /* NFTsRequests.swift */,
				2DC8CB412EE4875A005A7229 /* CollectionRequests.swift */,
				2DC8CB3F2EE4872F005A7229 /* ProfileRequests.swift */,
				2DC8CB3D2EE48713005A7229 /* UsersRequests.swift */,
				2D0DD8C52EE01C7100EB1D66 /* OrderRequests.swift */,
				ABC5E1AF2C31FB90002B4068 /* RequestConstants.swift */,
			);
			path = Requests;
			sourceTree = "<group>";
		};
		ABC5E1B32C31FC03002B4068 /* Modules */ = {
			isa = PBXGroup;
			children = (
				2D433B5A2EFF2C3300397AEC /* Onboarding */,
				2D8D779E2EFB35A700F2B0CB /* Cart */,
				2D0DD9E02EE1A5FF00EB1D66 /* Splash */,
				2D0DD9D62EE19B4800EB1D66 /* Statistics */,
				2D0DD9D22EE19B3D00EB1D66 /* Profile */,
				2D0DD9CE2EE19B2000EB1D66 /* Catalog */,
				2D0DD8D72EE04A6C00EB1D66 /* NFTDetail */,
				2D0DD8B02EDF238D00EB1D66 /* AboutAuthor */,
				2D0DD88C2EDEDEDD00EB1D66 /* UIComponents */,
				2D0DD8882EDEDEA500EB1D66 /* TabView */,
				2D0DD87E2EDEDB2300EB1D66 /* Coordinator */,
			);
			path = Modules;
			sourceTree = "<group>";
		};
/* End PBXGroup section */

/* Begin PBXNativeTarget section */
		ABC5E1672C31F5AF002B4068 /* iOS-FakeNFT-Extended */ = {
			isa = PBXNativeTarget;
			buildConfigurationList = ABC5E18C2C31F5B0002B4068 /* Build configuration list for PBXNativeTarget "iOS-FakeNFT-Extended" */;
			buildPhases = (
				ABC5E1642C31F5AF002B4068 /* Sources */,
				ABC5E1652C31F5AF002B4068 /* Frameworks */,
				ABC5E1662C31F5AF002B4068 /* Resources */,
			);
			buildRules = (
			);
			dependencies = (
			);
			fileSystemSynchronizedGroups = (
				2D0DD8732EDED91100EB1D66 /* App */,
				2D0DD8742EDED91700EB1D66 /* Extensions */,
				2D0DD8752EDED91D00EB1D66 /* Resources */,
				2D0DD87E2EDEDB2300EB1D66 /* Coordinator */,
				2D0DD8882EDEDEA500EB1D66 /* TabView */,
				2D0DD88C2EDEDEDD00EB1D66 /* UIComponents */,
				2D0DD8B02EDF238D00EB1D66 /* AboutAuthor */,
				2D0DD8D72EE04A6C00EB1D66 /* NFTDetail */,
				2D0DD9CE2EE19B2000EB1D66 /* Catalog */,
				2D0DD9D22EE19B3D00EB1D66 /* Profile */,
				2D0DD9D62EE19B4800EB1D66 /* Statistics */,
				2D0DD9E02EE1A5FF00EB1D66 /* Splash */,
				2D433B5A2EFF2C3300397AEC /* Onboarding */,
				2D8D779E2EFB35A700F2B0CB /* Cart */,
			);
			name = "iOS-FakeNFT-Extended";
			packageProductDependencies = (
				ABC5E1D72C3204A9002B4068 /* Kingfisher */,
			);
			productName = "iOS-FakeNFT-Extended";
			productReference = ABC5E1682C31F5AF002B4068 /* iOS-FakeNFT-Extended.app */;
			productType = "com.apple.product-type.application";
		};
		ABC5E1772C31F5B0002B4068 /* iOS-FakeNFT-ExtendedTests */ = {
			isa = PBXNativeTarget;
			buildConfigurationList = ABC5E18F2C31F5B0002B4068 /* Build configuration list for PBXNativeTarget "iOS-FakeNFT-ExtendedTests" */;
			buildPhases = (
				ABC5E1742C31F5B0002B4068 /* Sources */,
				ABC5E1752C31F5B0002B4068 /* Frameworks */,
				ABC5E1762C31F5B0002B4068 /* Resources */,
			);
			buildRules = (
			);
			dependencies = (
				ABC5E17A2C31F5B0002B4068 /* PBXTargetDependency */,
			);
			name = "iOS-FakeNFT-ExtendedTests";
			productName = "iOS-FakeNFT-ExtendedTests";
			productReference = ABC5E1782C31F5B0002B4068 /* iOS-FakeNFT-ExtendedTests.xctest */;
			productType = "com.apple.product-type.bundle.unit-test";
		};
		ABC5E1812C31F5B0002B4068 /* iOS-FakeNFT-ExtendedUITests */ = {
			isa = PBXNativeTarget;
			buildConfigurationList = ABC5E1922C31F5B0002B4068 /* Build configuration list for PBXNativeTarget "iOS-FakeNFT-ExtendedUITests" */;
			buildPhases = (
				ABC5E17E2C31F5B0002B4068 /* Sources */,
				ABC5E17F2C31F5B0002B4068 /* Frameworks */,
				ABC5E1802C31F5B0002B4068 /* Resources */,
			);
			buildRules = (
			);
			dependencies = (
				ABC5E1842C31F5B0002B4068 /* PBXTargetDependency */,
			);
			name = "iOS-FakeNFT-ExtendedUITests";
			productName = "iOS-FakeNFT-ExtendedUITests";
			productReference = ABC5E1822C31F5B0002B4068 /* iOS-FakeNFT-ExtendedUITests.xctest */;
			productType = "com.apple.product-type.bundle.ui-testing";
		};
/* End PBXNativeTarget section */

/* Begin PBXProject section */
		ABC5E1602C31F5AF002B4068 /* Project object */ = {
			isa = PBXProject;
			attributes = {
				BuildIndependentTargetsInParallel = 1;
				LastSwiftUpdateCheck = 1530;
				LastUpgradeCheck = 2610;
				TargetAttributes = {
					ABC5E1672C31F5AF002B4068 = {
						CreatedOnToolsVersion = 15.3;
					};
					ABC5E1772C31F5B0002B4068 = {
						CreatedOnToolsVersion = 15.3;
						TestTargetID = ABC5E1672C31F5AF002B4068;
					};
					ABC5E1812C31F5B0002B4068 = {
						CreatedOnToolsVersion = 15.3;
						TestTargetID = ABC5E1672C31F5AF002B4068;
					};
				};
			};
			buildConfigurationList = ABC5E1632C31F5AF002B4068 /* Build configuration list for PBXProject "iOS-FakeNFT-Extended" */;
			compatibilityVersion = "Xcode 14.0";
			developmentRegion = en;
			hasScannedForEncodings = 0;
			knownRegions = (
				en,
				Base,
				ru,
			);
			mainGroup = ABC5E15F2C31F5AF002B4068;
			packageReferences = (
				ABC5E1D62C3204A9002B4068 /* XCRemoteSwiftPackageReference "Kingfisher" */,
			);
			productRefGroup = ABC5E1692C31F5AF002B4068 /* Products */;
			projectDirPath = "";
			projectRoot = "";
			targets = (
				ABC5E1672C31F5AF002B4068 /* iOS-FakeNFT-Extended */,
				ABC5E1772C31F5B0002B4068 /* iOS-FakeNFT-ExtendedTests */,
				ABC5E1812C31F5B0002B4068 /* iOS-FakeNFT-ExtendedUITests */,
			);
		};
/* End PBXProject section */

/* Begin PBXResourcesBuildPhase section */
		ABC5E1662C31F5AF002B4068 /* Resources */ = {
			isa = PBXResourcesBuildPhase;
			buildActionMask = 2147483647;
			files = (
				ABC5E1732C31F5AF002B4068 /* Preview Assets.xcassets in Resources */,
			);
			runOnlyForDeploymentPostprocessing = 0;
		};
		ABC5E1762C31F5B0002B4068 /* Resources */ = {
			isa = PBXResourcesBuildPhase;
			buildActionMask = 2147483647;
			files = (
			);
			runOnlyForDeploymentPostprocessing = 0;
		};
		ABC5E1802C31F5B0002B4068 /* Resources */ = {
			isa = PBXResourcesBuildPhase;
			buildActionMask = 2147483647;
			files = (
			);
			runOnlyForDeploymentPostprocessing = 0;
		};
/* End PBXResourcesBuildPhase section */

/* Begin PBXSourcesBuildPhase section */
		ABC5E1642C31F5AF002B4068 /* Sources */ = {
			isa = PBXSourcesBuildPhase;
			buildActionMask = 2147483647;
			files = (
				2DC8CB382EE31DCA005A7229 /* CurrencyResponse.swift in Sources */,
				ABC5E19D2C31F6A6002B4068 /* NftStorage.swift in Sources */,
				2DC8CB3E2EE48713005A7229 /* UsersRequests.swift in Sources */,
				2DC8CB322EE31C39005A7229 /* ProfileResponse.swift in Sources */,
				2DC8CB3C2EE31DE0005A7229 /* PaymentResponse.swift in Sources */,
				2D6BE1C92EFC3A2600FAB3B8 /* CurrencySetResponse.swift in Sources */,
				2DC8CB342EE31CB0005A7229 /* OrderRepsonse.swift in Sources */,
				2DC8CB2C2EE31BBA005A7229 /* NFTCollectionItemResponse.swift in Sources */,
				2DC8CB192EE2F3DE005A7229 /* NFTModel.swift in Sources */,
				2DC8CB462EE4878A005A7229 /* CurrenciesRequests.swift in Sources */,
				2D8D75E42EF7FFC500F2B0CB /* NFTModelContainer.swift in Sources */,
				2D0DD8C22EE00CFD00EB1D66 /* ObservedNetworkClient.swift in Sources */,
				2D0DD8C62EE01C7100EB1D66 /* OrderRequests.swift in Sources */,
				2DC8CB422EE4875A005A7229 /* CollectionRequests.swift in Sources */,
				2DC8CB402EE4872F005A7229 /* ProfileRequests.swift in Sources */,
				2DC8CB302EE31C1B005A7229 /* UserListItemResponse.swift in Sources */,
				ABC5E1A62C31F815002B4068 /* NetworkRequest.swift in Sources */,
				ABC5E1A42C31F800002B4068 /* NetworkClient.swift in Sources */,
				ABC5E1A12C31F6D7002B4068 /* NFTResponse.swift in Sources */,
				2D0DD8C42EE01BBA00EB1D66 /* DataLoader.swift in Sources */,
				ABC5E1AB2C31FACD002B4068 /* NFTService.swift in Sources */,
				2DC8CB442EE48771005A7229 /* NFTsRequests.swift in Sources */,
				ABC5E1B02C31FB90002B4068 /* RequestConstants.swift in Sources */,
			);
			runOnlyForDeploymentPostprocessing = 0;
		};
		ABC5E1742C31F5B0002B4068 /* Sources */ = {
			isa = PBXSourcesBuildPhase;
			buildActionMask = 2147483647;
			files = (
				2DC8CB482EE48C7D005A7229 /* ObservedNetworkClientTests.swift in Sources */,
				ABC5E17D2C31F5B0002B4068 /* iOS_FakeNFT_ExtendedTests.swift in Sources */,
			);
			runOnlyForDeploymentPostprocessing = 0;
		};
		ABC5E17E2C31F5B0002B4068 /* Sources */ = {
			isa = PBXSourcesBuildPhase;
			buildActionMask = 2147483647;
			files = (
				ABC5E1872C31F5B0002B4068 /* iOS_FakeNFT_ExtendedUITests.swift in Sources */,
			);
			runOnlyForDeploymentPostprocessing = 0;
		};
/* End PBXSourcesBuildPhase section */

/* Begin PBXTargetDependency section */
		ABC5E17A2C31F5B0002B4068 /* PBXTargetDependency */ = {
			isa = PBXTargetDependency;
			target = ABC5E1672C31F5AF002B4068 /* iOS-FakeNFT-Extended */;
			targetProxy = ABC5E1792C31F5B0002B4068 /* PBXContainerItemProxy */;
		};
		ABC5E1842C31F5B0002B4068 /* PBXTargetDependency */ = {
			isa = PBXTargetDependency;
			target = ABC5E1672C31F5AF002B4068 /* iOS-FakeNFT-Extended */;
			targetProxy = ABC5E1832C31F5B0002B4068 /* PBXContainerItemProxy */;
		};
/* End PBXTargetDependency section */

/* Begin XCBuildConfiguration section */
		ABC5E18A2C31F5B0002B4068 /* Debug */ = {
			isa = XCBuildConfiguration;
			buildSettings = {
				ALWAYS_SEARCH_USER_PATHS = NO;
				ASSETCATALOG_COMPILER_GENERATE_SWIFT_ASSET_SYMBOL_EXTENSIONS = YES;
				CLANG_ANALYZER_NONNULL = YES;
				CLANG_ANALYZER_NUMBER_OBJECT_CONVERSION = YES_AGGRESSIVE;
				CLANG_CXX_LANGUAGE_STANDARD = "gnu++20";
				CLANG_ENABLE_MODULES = YES;
				CLANG_ENABLE_OBJC_ARC = YES;
				CLANG_ENABLE_OBJC_WEAK = YES;
				CLANG_WARN_BLOCK_CAPTURE_AUTORELEASING = YES;
				CLANG_WARN_BOOL_CONVERSION = YES;
				CLANG_WARN_COMMA = YES;
				CLANG_WARN_CONSTANT_CONVERSION = YES;
				CLANG_WARN_DEPRECATED_OBJC_IMPLEMENTATIONS = YES;
				CLANG_WARN_DIRECT_OBJC_ISA_USAGE = YES_ERROR;
				CLANG_WARN_DOCUMENTATION_COMMENTS = YES;
				CLANG_WARN_EMPTY_BODY = YES;
				CLANG_WARN_ENUM_CONVERSION = YES;
				CLANG_WARN_INFINITE_RECURSION = YES;
				CLANG_WARN_INT_CONVERSION = YES;
				CLANG_WARN_NON_LITERAL_NULL_CONVERSION = YES;
				CLANG_WARN_OBJC_IMPLICIT_RETAIN_SELF = YES;
				CLANG_WARN_OBJC_LITERAL_CONVERSION = YES;
				CLANG_WARN_OBJC_ROOT_CLASS = YES_ERROR;
				CLANG_WARN_QUOTED_INCLUDE_IN_FRAMEWORK_HEADER = YES;
				CLANG_WARN_RANGE_LOOP_ANALYSIS = YES;
				CLANG_WARN_STRICT_PROTOTYPES = YES;
				CLANG_WARN_SUSPICIOUS_MOVE = YES;
				CLANG_WARN_UNGUARDED_AVAILABILITY = YES_AGGRESSIVE;
				CLANG_WARN_UNREACHABLE_CODE = YES;
				CLANG_WARN__DUPLICATE_METHOD_MATCH = YES;
				COPY_PHASE_STRIP = NO;
				DEBUG_INFORMATION_FORMAT = dwarf;
				ENABLE_STRICT_OBJC_MSGSEND = YES;
				ENABLE_TESTABILITY = YES;
				ENABLE_USER_SCRIPT_SANDBOXING = YES;
				GCC_C_LANGUAGE_STANDARD = gnu17;
				GCC_DYNAMIC_NO_PIC = NO;
				GCC_NO_COMMON_BLOCKS = YES;
				GCC_OPTIMIZATION_LEVEL = 0;
				GCC_PREPROCESSOR_DEFINITIONS = (
					"DEBUG=1",
					"$(inherited)",
				);
				GCC_WARN_64_TO_32_BIT_CONVERSION = YES;
				GCC_WARN_ABOUT_RETURN_TYPE = YES_ERROR;
				GCC_WARN_UNDECLARED_SELECTOR = YES;
				GCC_WARN_UNINITIALIZED_AUTOS = YES_AGGRESSIVE;
				GCC_WARN_UNUSED_FUNCTION = YES;
				GCC_WARN_UNUSED_VARIABLE = YES;
				IPHONEOS_DEPLOYMENT_TARGET = 17.4;
				LOCALIZATION_PREFERS_STRING_CATALOGS = YES;
				MTL_ENABLE_DEBUG_INFO = INCLUDE_SOURCE;
				MTL_FAST_MATH = YES;
				ONLY_ACTIVE_ARCH = YES;
				SDKROOT = iphoneos;
				STRING_CATALOG_GENERATE_SYMBOLS = YES;
				SWIFT_ACTIVE_COMPILATION_CONDITIONS = "DEBUG $(inherited)";
				SWIFT_EMIT_LOC_STRINGS = YES;
				SWIFT_OPTIMIZATION_LEVEL = "-Onone";
			};
			name = Debug;
		};
		ABC5E18B2C31F5B0002B4068 /* Release */ = {
			isa = XCBuildConfiguration;
			buildSettings = {
				ALWAYS_SEARCH_USER_PATHS = NO;
				ASSETCATALOG_COMPILER_GENERATE_SWIFT_ASSET_SYMBOL_EXTENSIONS = YES;
				CLANG_ANALYZER_NONNULL = YES;
				CLANG_ANALYZER_NUMBER_OBJECT_CONVERSION = YES_AGGRESSIVE;
				CLANG_CXX_LANGUAGE_STANDARD = "gnu++20";
				CLANG_ENABLE_MODULES = YES;
				CLANG_ENABLE_OBJC_ARC = YES;
				CLANG_ENABLE_OBJC_WEAK = YES;
				CLANG_WARN_BLOCK_CAPTURE_AUTORELEASING = YES;
				CLANG_WARN_BOOL_CONVERSION = YES;
				CLANG_WARN_COMMA = YES;
				CLANG_WARN_CONSTANT_CONVERSION = YES;
				CLANG_WARN_DEPRECATED_OBJC_IMPLEMENTATIONS = YES;
				CLANG_WARN_DIRECT_OBJC_ISA_USAGE = YES_ERROR;
				CLANG_WARN_DOCUMENTATION_COMMENTS = YES;
				CLANG_WARN_EMPTY_BODY = YES;
				CLANG_WARN_ENUM_CONVERSION = YES;
				CLANG_WARN_INFINITE_RECURSION = YES;
				CLANG_WARN_INT_CONVERSION = YES;
				CLANG_WARN_NON_LITERAL_NULL_CONVERSION = YES;
				CLANG_WARN_OBJC_IMPLICIT_RETAIN_SELF = YES;
				CLANG_WARN_OBJC_LITERAL_CONVERSION = YES;
				CLANG_WARN_OBJC_ROOT_CLASS = YES_ERROR;
				CLANG_WARN_QUOTED_INCLUDE_IN_FRAMEWORK_HEADER = YES;
				CLANG_WARN_RANGE_LOOP_ANALYSIS = YES;
				CLANG_WARN_STRICT_PROTOTYPES = YES;
				CLANG_WARN_SUSPICIOUS_MOVE = YES;
				CLANG_WARN_UNGUARDED_AVAILABILITY = YES_AGGRESSIVE;
				CLANG_WARN_UNREACHABLE_CODE = YES;
				CLANG_WARN__DUPLICATE_METHOD_MATCH = YES;
				COPY_PHASE_STRIP = NO;
				DEBUG_INFORMATION_FORMAT = "dwarf-with-dsym";
				ENABLE_NS_ASSERTIONS = NO;
				ENABLE_STRICT_OBJC_MSGSEND = YES;
				ENABLE_USER_SCRIPT_SANDBOXING = YES;
				GCC_C_LANGUAGE_STANDARD = gnu17;
				GCC_NO_COMMON_BLOCKS = YES;
				GCC_WARN_64_TO_32_BIT_CONVERSION = YES;
				GCC_WARN_ABOUT_RETURN_TYPE = YES_ERROR;
				GCC_WARN_UNDECLARED_SELECTOR = YES;
				GCC_WARN_UNINITIALIZED_AUTOS = YES_AGGRESSIVE;
				GCC_WARN_UNUSED_FUNCTION = YES;
				GCC_WARN_UNUSED_VARIABLE = YES;
				IPHONEOS_DEPLOYMENT_TARGET = 17.4;
				LOCALIZATION_PREFERS_STRING_CATALOGS = YES;
				MTL_ENABLE_DEBUG_INFO = NO;
				MTL_FAST_MATH = YES;
				SDKROOT = iphoneos;
				STRING_CATALOG_GENERATE_SYMBOLS = YES;
				SWIFT_COMPILATION_MODE = wholemodule;
				SWIFT_EMIT_LOC_STRINGS = YES;
				VALIDATE_PRODUCT = YES;
			};
			name = Release;
		};
		ABC5E18D2C31F5B0002B4068 /* Debug */ = {
			isa = XCBuildConfiguration;
			buildSettings = {
				ASSETCATALOG_COMPILER_APPICON_NAME = AppIcon;
				ASSETCATALOG_COMPILER_GLOBAL_ACCENT_COLOR_NAME = AccentColor;
				CODE_SIGN_IDENTITY = "Apple Development";
				CODE_SIGN_STYLE = Automatic;
				CURRENT_PROJECT_VERSION = 1;
				DEVELOPMENT_ASSET_PATHS = "\"iOS-FakeNFT-Extended/Preview Content\"";
				DEVELOPMENT_TEAM = 49VL494TXQ;
				ENABLE_PREVIEWS = YES;
				GENERATE_INFOPLIST_FILE = YES;
				INFOPLIST_FILE = "iOS-FakeNFT-Extended/Info.plist";
				INFOPLIST_KEY_CFBundleDisplayName = FakeNFT;
				INFOPLIST_KEY_UIApplicationSceneManifest_Generation = YES;
				INFOPLIST_KEY_UIApplicationSupportsIndirectInputEvents = YES;
				INFOPLIST_KEY_UILaunchScreen_Generation = YES;
				INFOPLIST_KEY_UISupportedInterfaceOrientations = UIInterfaceOrientationPortrait;
				INFOPLIST_KEY_UISupportedInterfaceOrientations_iPad = "UIInterfaceOrientationLandscapeLeft UIInterfaceOrientationLandscapeRight UIInterfaceOrientationPortrait UIInterfaceOrientationPortraitUpsideDown";
				IPHONEOS_DEPLOYMENT_TARGET = 17;
				LD_RUNPATH_SEARCH_PATHS = (
					"$(inherited)",
					"@executable_path/Frameworks",
				);
				MARKETING_VERSION = 1.0;
				PRODUCT_BUNDLE_IDENTIFIER = "Yandex-Practicum.iOS-FakeNFT-Extended-tg";
				PRODUCT_NAME = "$(TARGET_NAME)";
				PROVISIONING_PROFILE_SPECIFIER = "";
				SUPPORTED_PLATFORMS = "iphoneos iphonesimulator";
				SUPPORTS_MACCATALYST = NO;
				SUPPORTS_MAC_DESIGNED_FOR_IPHONE_IPAD = NO;
				SUPPORTS_XR_DESIGNED_FOR_IPHONE_IPAD = NO;
				SWIFT_EMIT_LOC_STRINGS = YES;
				SWIFT_STRICT_CONCURRENCY = complete;
				SWIFT_VERSION = 5.0;
				TARGETED_DEVICE_FAMILY = "1,2";
			};
			name = Debug;
		};
		ABC5E18E2C31F5B0002B4068 /* Release */ = {
			isa = XCBuildConfiguration;
			buildSettings = {
				ASSETCATALOG_COMPILER_APPICON_NAME = AppIcon;
				ASSETCATALOG_COMPILER_GLOBAL_ACCENT_COLOR_NAME = AccentColor;
				CODE_SIGN_IDENTITY = "Apple Development";
				CODE_SIGN_STYLE = Automatic;
				CURRENT_PROJECT_VERSION = 1;
				DEVELOPMENT_ASSET_PATHS = "\"iOS-FakeNFT-Extended/Preview Content\"";
				DEVELOPMENT_TEAM = 49VL494TXQ;
				ENABLE_PREVIEWS = YES;
				GENERATE_INFOPLIST_FILE = YES;
				INFOPLIST_FILE = "iOS-FakeNFT-Extended/Info.plist";
				INFOPLIST_KEY_CFBundleDisplayName = FakeNFT;
				INFOPLIST_KEY_UIApplicationSceneManifest_Generation = YES;
				INFOPLIST_KEY_UIApplicationSupportsIndirectInputEvents = YES;
				INFOPLIST_KEY_UILaunchScreen_Generation = YES;
				INFOPLIST_KEY_UISupportedInterfaceOrientations = UIInterfaceOrientationPortrait;
				INFOPLIST_KEY_UISupportedInterfaceOrientations_iPad = "UIInterfaceOrientationLandscapeLeft UIInterfaceOrientationLandscapeRight UIInterfaceOrientationPortrait UIInterfaceOrientationPortraitUpsideDown";
				IPHONEOS_DEPLOYMENT_TARGET = 17;
				LD_RUNPATH_SEARCH_PATHS = (
					"$(inherited)",
					"@executable_path/Frameworks",
				);
				MARKETING_VERSION = 1.0;
				PRODUCT_BUNDLE_IDENTIFIER = "Yandex-Practicum.iOS-FakeNFT-Extended-tg";
				PRODUCT_NAME = "$(TARGET_NAME)";
				PROVISIONING_PROFILE_SPECIFIER = "";
				SUPPORTED_PLATFORMS = "iphoneos iphonesimulator";
				SUPPORTS_MACCATALYST = NO;
				SUPPORTS_MAC_DESIGNED_FOR_IPHONE_IPAD = NO;
				SUPPORTS_XR_DESIGNED_FOR_IPHONE_IPAD = NO;
				SWIFT_EMIT_LOC_STRINGS = YES;
				SWIFT_STRICT_CONCURRENCY = complete;
				SWIFT_VERSION = 5.0;
				TARGETED_DEVICE_FAMILY = "1,2";
			};
			name = Release;
		};
		ABC5E1902C31F5B0002B4068 /* Debug */ = {
			isa = XCBuildConfiguration;
			buildSettings = {
				BUNDLE_LOADER = "$(TEST_HOST)";
				CODE_SIGN_STYLE = Automatic;
				CURRENT_PROJECT_VERSION = 1;
				GENERATE_INFOPLIST_FILE = YES;
				IPHONEOS_DEPLOYMENT_TARGET = 17.4;
				MARKETING_VERSION = 1.0;
				PRODUCT_BUNDLE_IDENTIFIER = "Yandex-Practicum.iOS-FakeNFT-ExtendedTests";
				PRODUCT_NAME = "$(TARGET_NAME)";
				SWIFT_EMIT_LOC_STRINGS = NO;
				SWIFT_VERSION = 5.0;
				TARGETED_DEVICE_FAMILY = "1,2";
				TEST_HOST = "$(BUILT_PRODUCTS_DIR)/iOS-FakeNFT-Extended.app/$(BUNDLE_EXECUTABLE_FOLDER_PATH)/iOS-FakeNFT-Extended";
			};
			name = Debug;
		};
		ABC5E1912C31F5B0002B4068 /* Release */ = {
			isa = XCBuildConfiguration;
			buildSettings = {
				BUNDLE_LOADER = "$(TEST_HOST)";
				CODE_SIGN_STYLE = Automatic;
				CURRENT_PROJECT_VERSION = 1;
				GENERATE_INFOPLIST_FILE = YES;
				IPHONEOS_DEPLOYMENT_TARGET = 17.4;
				MARKETING_VERSION = 1.0;
				PRODUCT_BUNDLE_IDENTIFIER = "Yandex-Practicum.iOS-FakeNFT-ExtendedTests";
				PRODUCT_NAME = "$(TARGET_NAME)";
				SWIFT_EMIT_LOC_STRINGS = NO;
				SWIFT_VERSION = 5.0;
				TARGETED_DEVICE_FAMILY = "1,2";
				TEST_HOST = "$(BUILT_PRODUCTS_DIR)/iOS-FakeNFT-Extended.app/$(BUNDLE_EXECUTABLE_FOLDER_PATH)/iOS-FakeNFT-Extended";
			};
			name = Release;
		};
		ABC5E1932C31F5B0002B4068 /* Debug */ = {
			isa = XCBuildConfiguration;
			buildSettings = {
				CODE_SIGN_STYLE = Automatic;
				CURRENT_PROJECT_VERSION = 1;
				GENERATE_INFOPLIST_FILE = YES;
				MARKETING_VERSION = 1.0;
				PRODUCT_BUNDLE_IDENTIFIER = "Yandex-Practicum.iOS-FakeNFT-ExtendedUITests";
				PRODUCT_NAME = "$(TARGET_NAME)";
				SWIFT_EMIT_LOC_STRINGS = NO;
				SWIFT_VERSION = 5.0;
				TARGETED_DEVICE_FAMILY = "1,2";
				TEST_TARGET_NAME = "iOS-FakeNFT-Extended";
			};
			name = Debug;
		};
		ABC5E1942C31F5B0002B4068 /* Release */ = {
			isa = XCBuildConfiguration;
			buildSettings = {
				CODE_SIGN_STYLE = Automatic;
				CURRENT_PROJECT_VERSION = 1;
				GENERATE_INFOPLIST_FILE = YES;
				MARKETING_VERSION = 1.0;
				PRODUCT_BUNDLE_IDENTIFIER = "Yandex-Practicum.iOS-FakeNFT-ExtendedUITests";
				PRODUCT_NAME = "$(TARGET_NAME)";
				SWIFT_EMIT_LOC_STRINGS = NO;
				SWIFT_VERSION = 5.0;
				TARGETED_DEVICE_FAMILY = "1,2";
				TEST_TARGET_NAME = "iOS-FakeNFT-Extended";
			};
			name = Release;
		};
/* End XCBuildConfiguration section */

/* Begin XCConfigurationList section */
		ABC5E1632C31F5AF002B4068 /* Build configuration list for PBXProject "iOS-FakeNFT-Extended" */ = {
			isa = XCConfigurationList;
			buildConfigurations = (
				ABC5E18A2C31F5B0002B4068 /* Debug */,
				ABC5E18B2C31F5B0002B4068 /* Release */,
			);
			defaultConfigurationIsVisible = 0;
			defaultConfigurationName = Release;
		};
		ABC5E18C2C31F5B0002B4068 /* Build configuration list for PBXNativeTarget "iOS-FakeNFT-Extended" */ = {
			isa = XCConfigurationList;
			buildConfigurations = (
				ABC5E18D2C31F5B0002B4068 /* Debug */,
				ABC5E18E2C31F5B0002B4068 /* Release */,
			);
			defaultConfigurationIsVisible = 0;
			defaultConfigurationName = Release;
		};
		ABC5E18F2C31F5B0002B4068 /* Build configuration list for PBXNativeTarget "iOS-FakeNFT-ExtendedTests" */ = {
			isa = XCConfigurationList;
			buildConfigurations = (
				ABC5E1902C31F5B0002B4068 /* Debug */,
				ABC5E1912C31F5B0002B4068 /* Release */,
			);
			defaultConfigurationIsVisible = 0;
			defaultConfigurationName = Release;
		};
		ABC5E1922C31F5B0002B4068 /* Build configuration list for PBXNativeTarget "iOS-FakeNFT-ExtendedUITests" */ = {
			isa = XCConfigurationList;
			buildConfigurations = (
				ABC5E1932C31F5B0002B4068 /* Debug */,
				ABC5E1942C31F5B0002B4068 /* Release */,
			);
			defaultConfigurationIsVisible = 0;
			defaultConfigurationName = Release;
		};
/* End XCConfigurationList section */

/* Begin XCRemoteSwiftPackageReference section */
		ABC5E1D62C3204A9002B4068 /* XCRemoteSwiftPackageReference "Kingfisher" */ = {
			isa = XCRemoteSwiftPackageReference;
			repositoryURL = "https://github.com/onevcat/Kingfisher.git";
			requirement = {
				kind = upToNextMajorVersion;
				minimumVersion = 7.0.0;
			};
		};
/* End XCRemoteSwiftPackageReference section */

/* Begin XCSwiftPackageProductDependency section */
		ABC5E1D72C3204A9002B4068 /* Kingfisher */ = {
			isa = XCSwiftPackageProductDependency;
			package = ABC5E1D62C3204A9002B4068 /* XCRemoteSwiftPackageReference "Kingfisher" */;
			productName = Kingfisher;
		};
/* End XCSwiftPackageProductDependency section */
	};
	rootObject = ABC5E1602C31F5AF002B4068 /* Project object */;
}
